
Microsoft Visual Studio Solution File, Format Version 12.00
# Visual Studio Version 17
VisualStudioVersion = 17.3.32901.215
MinimumVisualStudioVersion = 10.0.40219.1
Project("{FAE04EC0-301F-11D3-BF4B-00C04F79EFBC}") = "Tienda_de_Ropa", "Tienda_de_Ropa.csproj", "{19661353-9F31-4553-A781-A357E225FE1D}"
EndProject
Global
	GlobalSection(SolutionConfigurationPlatforms) = preSolution
		Debug|Any CPU = Debug|Any CPU
		Release|Any CPU = Release|Any CPU
	EndGlobalSection
	GlobalSection(ProjectConfigurationPlatforms) = postSolution
		{19661353-9F31-4553-A781-A357E225FE1D}.Debug|Any CPU.ActiveCfg = Debug|Any CPU
		{19661353-9F31-4553-A781-A357E225FE1D}.Debug|Any CPU.Build.0 = Debug|Any CPU
		{19661353-9F31-4553-A781-A357E225FE1D}.Release|Any CPU.ActiveCfg = Release|Any CPU
		{19661353-9F31-4553-A781-A357E225FE1D}.Release|Any CPU.Build.0 = Release|Any CPU
	EndGlobalSection
	GlobalSection(SolutionProperties) = preSolution
		HideSolutionNode = FALSE
	EndGlobalSection
	GlobalSection(ExtensibilityGlobals) = postSolution
		SolutionGuid = {E722EEB2-50AD-4098-8405-9DB1293AD212}
	EndGlobalSection
EndGlobal
